<Solution>
  <Folder Name="/src/">
    <Project Path="src/HotRepl.BepInEx/HotRepl.BepInEx.csproj" />
    <Project Path="src/HotRepl.Core/HotRepl.Core.csproj" />
    <Project Path="src/HotRepl.Evaluator.MonoCSharp/HotRepl.Evaluator.MonoCSharp.csproj" />
    <Project Path="src/HotRepl.Helpers.Unity/HotRepl.Helpers.Unity.csproj" />
  </Folder>
  <Folder Name="/tests/">
    <Project Path="tests/HotRepl.Tests/HotRepl.Tests.csproj" />
  </Folder>
</Solution>
